// !$*UTF8*$!
{
	archiveVersion = 1;
	classes = {
	};
	objectVersion = 56;
	objects = {

/* Begin PBXBuildFile section */
		242F0E602B4D40A700BEA3E7 /* BillyImgurApp.swift in Sources */ = {isa = PBXBuildFile; fileRef = 242F0E5F2B4D40A700BEA3E7 /* BillyImgurApp.swift */; };
		242F0E622B4D40A700BEA3E7 /* ContentView.swift in Sources */ = {isa = PBXBuildFile; fileRef = 242F0E612B4D40A700BEA3E7 /* ContentView.swift */; };
		242F0E642B4D40A900BEA3E7 /* Assets.xcassets in Resources */ = {isa = PBXBuildFile; fileRef = 242F0E632B4D40A900BEA3E7 /* Assets.xcassets */; };
		242F0E672B4D40A900BEA3E7 /* Preview Assets.xcassets in Resources */ = {isa = PBXBuildFile; fileRef = 242F0E662B4D40A900BEA3E7 /* Preview Assets.xcassets */; };
		242F0E692B4D40A900BEA3E7 /* Persistence.swift in Sources */ = {isa = PBXBuildFile; fileRef = 242F0E682B4D40A900BEA3E7 /* Persistence.swift */; };
		242F0E6C2B4D40A900BEA3E7 /* BillyImgur.xcdatamodeld in Sources */ = {isa = PBXBuildFile; fileRef = 242F0E6A2B4D40A900BEA3E7 /* BillyImgur.xcdatamodeld */; };
		242F0E752B4D414100BEA3E7 /* libBillyImgurData.a in Frameworks */ = {isa = PBXBuildFile; fileRef = 242F0E732B4D414100BEA3E7 /* libBillyImgurData.a */; };
		242F0E762B4D414100BEA3E7 /* libBillyImgurDomain.a in Frameworks */ = {isa = PBXBuildFile; fileRef = 242F0E742B4D414100BEA3E7 /* libBillyImgurDomain.a */; };
/* End PBXBuildFile section */

/* Begin PBXFileReference section */
		242F0E5C2B4D40A700BEA3E7 /* BillyImgur.app */ = {isa = PBXFileReference; explicitFileType = wrapper.application; includeInIndex = 0; path = BillyImgur.app; sourceTree = BUILT_PRODUCTS_DIR; };
		242F0E5F2B4D40A700BEA3E7 /* BillyImgurApp.swift */ = {isa = PBXFileReference; lastKnownFileType = sourcecode.swift; path = BillyImgurApp.swift; sourceTree = "<group>"; };
		242F0E612B4D40A700BEA3E7 /* ContentView.swift */ = {isa = PBXFileReference; lastKnownFileType = sourcecode.swift; path = ContentView.swift; sourceTree = "<group>"; };
		242F0E632B4D40A900BEA3E7 /* Assets.xcassets */ = {isa = PBXFileReference; lastKnownFileType = folder.assetcatalog; path = Assets.xcassets; sourceTree = "<group>"; };
		242F0E662B4D40A900BEA3E7 /* Preview Assets.xcassets */ = {isa = PBXFileReference; lastKnownFileType = folder.assetcatalog; path = "Preview Assets.xcassets"; sourceTree = "<group>"; };
		242F0E682B4D40A900BEA3E7 /* Persistence.swift */ = {isa = PBXFileReference; lastKnownFileType = sourcecode.swift; path = Persistence.swift; sourceTree = "<group>"; };
		242F0E6B2B4D40A900BEA3E7 /* BillyImgur.xcdatamodel */ = {isa = PBXFileReference; lastKnownFileType = wrapper.xcdatamodel; path = BillyImgur.xcdatamodel; sourceTree = "<group>"; };
		242F0E732B4D414100BEA3E7 /* libBillyImgurData.a */ = {isa = PBXFileReference; explicitFileType = archive.ar; path = libBillyImgurData.a; sourceTree = BUILT_PRODUCTS_DIR; };
		242F0E742B4D414100BEA3E7 /* libBillyImgurDomain.a */ = {isa = PBXFileReference; explicitFileType = archive.ar; path = libBillyImgurDomain.a; sourceTree = BUILT_PRODUCTS_DIR; };
/* End PBXFileReference section */

/* Begin PBXFrameworksBuildPhase section */
		242F0E592B4D40A700BEA3E7 /* Frameworks */ = {
			isa = PBXFrameworksBuildPhase;
			buildActionMask = 2147483647;
			files = (
				242F0E752B4D414100BEA3E7 /* libBillyImgurData.a in Frameworks */,
				242F0E762B4D414100BEA3E7 /* libBillyImgurDomain.a in Frameworks */,
			);
			runOnlyForDeploymentPostprocessing = 0;
		};
/* End PBXFrameworksBuildPhase section */

/* Begin PBXGroup section */
		242F0E532B4D40A700BEA3E7 = {
			isa = PBXGroup;
			children = (
				242F0E5E2B4D40A700BEA3E7 /* BillyImgur */,
				242F0E5D2B4D40A700BEA3E7 /* Products */,
				242F0E722B4D414100BEA3E7 /* Frameworks */,
			);
			sourceTree = "<group>";
		};
		242F0E5D2B4D40A700BEA3E7 /* Products */ = {
			isa = PBXGroup;
			children = (
				242F0E5C2B4D40A700BEA3E7 /* BillyImgur.app */,
			);
			name = Products;
			sourceTree = "<group>";
		};
		242F0E5E2B4D40A700BEA3E7 /* BillyImgur */ = {
			isa = PBXGroup;
			children = (
				242F0E5F2B4D40A700BEA3E7 /* BillyImgurApp.swift */,
				242F0E612B4D40A700BEA3E7 /* ContentView.swift */,
				242F0E632B4D40A900BEA3E7 /* Assets.xcassets */,
				242F0E682B4D40A900BEA3E7 /* Persistence.swift */,
				242F0E6A2B4D40A900BEA3E7 /* BillyImgur.xcdatamodeld */,
				242F0E652B4D40A900BEA3E7 /* Preview Content */,
			);
			path = BillyImgur;
			sourceTree = "<group>";
		};
		242F0E652B4D40A900BEA3E7 /* Preview Content */ = {
			isa = PBXGroup;
			children = (
				242F0E662B4D40A900BEA3E7 /* Preview Assets.xcassets */,
			);
			path = "Preview Content";
			sourceTree = "<group>";
		};
		242F0E722B4D414100BEA3E7 /* Frameworks */ = {
			isa = PBXGroup;
			children = (
				242F0E732B4D414100BEA3E7 /* libBillyImgurData.a */,
				242F0E742B4D414100BEA3E7 /* libBillyImgurDomain.a */,
			);
			name = Frameworks;
			sourceTree = "<group>";
		};
/* End PBXGroup section */

/* Begin PBXNativeTarget section */
		242F0E5B2B4D40A700BEA3E7 /* BillyImgur */ = {
			isa = PBXNativeTarget;
			buildConfigurationList = 242F0E6F2B4D40A900BEA3E7 /* Build configuration list for PBXNativeTarget "BillyImgur" */;
			buildPhases = (
				242F0E582B4D40A700BEA3E7 /* Sources */,
				242F0E592B4D40A700BEA3E7 /* Frameworks */,
				242F0E5A2B4D40A700BEA3E7 /* Resources */,
			);
			buildRules = (
			);
			dependencies = (
			);
			name = BillyImgur;
			productName = BillyImgur;
			productReference = 242F0E5C2B4D40A700BEA3E7 /* BillyImgur.app */;
			productType = "com.apple.product-type.application";
		};
/* End PBXNativeTarget section */

/* Begin PBXProject section */
		242F0E542B4D40A700BEA3E7 /* Project object */ = {
			isa = PBXProject;
			attributes = {
				BuildIndependentTargetsInParallel = 1;
				LastSwiftUpdateCheck = 1510;
				LastUpgradeCheck = 1510;
				TargetAttributes = {
					242F0E5B2B4D40A700BEA3E7 = {
						CreatedOnToolsVersion = 15.1;
					};
				};
			};
			buildConfigurationList = 242F0E572B4D40A700BEA3E7 /* Build configuration list for PBXProject "BillyImgur" */;
			compatibilityVersion = "Xcode 14.0";
			developmentRegion = en;
			hasScannedForEncodings = 0;
			knownRegions = (
				en,
				Base,
			);
			mainGroup = 242F0E532B4D40A700BEA3E7;
			productRefGroup = 242F0E5D2B4D40A700BEA3E7 /* Products */;
			projectDirPath = "";
			projectRoot = "";
			targets = (
				242F0E5B2B4D40A700BEA3E7 /* BillyImgur */,
			);
		};
/* End PBXProject section */

/* Begin PBXResourcesBuildPhase section */
		242F0E5A2B4D40A700BEA3E7 /* Resources */ = {
			isa = PBXResourcesBuildPhase;
			buildActionMask = 2147483647;
			files = (
				242F0E672B4D40A900BEA3E7 /* Preview Assets.xcassets in Resources */,
				242F0E642B4D40A900BEA3E7 /* Assets.xcassets in Resources */,
			);
			runOnlyForDeploymentPostprocessing = 0;
		};
/* End PBXResourcesBuildPhase section */

/* Begin PBXSourcesBuildPhase section */
		242F0E582B4D40A700BEA3E7 /* Sources */ = {
			isa = PBXSourcesBuildPhase;
			buildActionMask = 2147483647;
			files = (
				242F0E692B4D40A900BEA3E7 /* Persistence.swift in Sources */,
				242F0E622B4D40A700BEA3E7 /* ContentView.swift in Sources */,
				242F0E602B4D40A700BEA3E7 /* BillyImgurApp.swift in Sources */,
				242F0E6C2B4D40A900BEA3E7 /* BillyImgur.xcdatamodeld in Sources */,
			);
			runOnlyForDeploymentPostprocessing = 0;
		};
/* End PBXSourcesBuildPhase section */

/* Begin XCBuildConfiguration section */
		242F0E6D2B4D40A900BEA3E7 /* Debug */ = {
			isa = XCBuildConfiguration;
			buildSettings = {
				ALWAYS_SEARCH_USER_PATHS = NO;
				ASSETCATALOG_COMPILER_GENERATE_SWIFT_ASSET_SYMBOL_EXTENSIONS = YES;
				CLANG_ANALYZER_NONNULL = YES;
				CLANG_ANALYZER_NUMBER_OBJECT_CONVERSION = YES_AGGRESSIVE;
				CLANG_CXX_LANGUAGE_STANDARD = "gnu++20";
				CLANG_ENABLE_MODULES = YES;
				CLANG_ENABLE_OBJC_ARC = YES;
				CLANG_ENABLE_OBJC_WEAK = YES;
				CLANG_WARN_BLOCK_CAPTURE_AUTORELEASING = YES;
				CLANG_WARN_BOOL_CONVERSION = YES;
				CLANG_WARN_COMMA = YES;
				CLANG_WARN_CONSTANT_CONVERSION = YES;
				CLANG_WARN_DEPRECATED_OBJC_IMPLEMENTATIONS = YES;
				CLANG_WARN_DIRECT_OBJC_ISA_USAGE = YES_ERROR;
				CLANG_WARN_DOCUMENTATION_COMMENTS = YES;
				CLANG_WARN_EMPTY_BODY = YES;
				CLANG_WARN_ENUM_CONVERSION = YES;
				CLANG_WARN_INFINITE_RECURSION = YES;
				CLANG_WARN_INT_CONVERSION = YES;
				CLANG_WARN_NON_LITERAL_NULL_CONVERSION = YES;
				CLANG_WARN_OBJC_IMPLICIT_RETAIN_SELF = YES;
				CLANG_WARN_OBJC_LITERAL_CONVERSION = YES;
				CLANG_WARN_OBJC_ROOT_CLASS = YES_ERROR;
				CLANG_WARN_QUOTED_INCLUDE_IN_FRAMEWORK_HEADER = YES;
				CLANG_WARN_RANGE_LOOP_ANALYSIS = YES;
				CLANG_WARN_STRICT_PROTOTYPES = YES;
				CLANG_WARN_SUSPICIOUS_MOVE = YES;
				CLANG_WARN_UNGUARDED_AVAILABILITY = YES_AGGRESSIVE;
				CLANG_WARN_UNREACHABLE_CODE = YES;
				CLANG_WARN__DUPLICATE_METHOD_MATCH = YES;
				COPY_PHASE_STRIP = NO;
				DEBUG_INFORMATION_FORMAT = dwarf;
				ENABLE_STRICT_OBJC_MSGSEND = YES;
				ENABLE_TESTABILITY = YES;
				ENABLE_USER_SCRIPT_SANDBOXING = YES;
				GCC_C_LANGUAGE_STANDARD = gnu17;
				GCC_DYNAMIC_NO_PIC = NO;
				GCC_NO_COMMON_BLOCKS = YES;
				GCC_OPTIMIZATION_LEVEL = 0;
				GCC_PREPROCESSOR_DEFINITIONS = (
					"DEBUG=1",
					"$(inherited)",
				);
				GCC_WARN_64_TO_32_BIT_CONVERSION = YES;
				GCC_WARN_ABOUT_RETURN_TYPE = YES_ERROR;
				GCC_WARN_UNDECLARED_SELECTOR = YES;
				GCC_WARN_UNINITIALIZED_AUTOS = YES_AGGRESSIVE;
				GCC_WARN_UNUSED_FUNCTION = YES;
				GCC_WARN_UNUSED_VARIABLE = YES;
				IPHONEOS_DEPLOYMENT_TARGET = 17.2;
				LOCALIZATION_PREFERS_STRING_CATALOGS = YES;
				MTL_ENABLE_DEBUG_INFO = INCLUDE_SOURCE;
				MTL_FAST_MATH = YES;
				ONLY_ACTIVE_ARCH = YES;
				SDKROOT = iphoneos;
				SWIFT_ACTIVE_COMPILATION_CONDITIONS = "DEBUG $(inherited)";
				SWIFT_OPTIMIZATION_LEVEL = "-Onone";
			};
			name = Debug;
		};
		242F0E6E2B4D40A900BEA3E7 /* Release */ = {
			isa = XCBuildConfiguration;
			buildSettings = {
				ALWAYS_SEARCH_USER_PATHS = NO;
				ASSETCATALOG_COMPILER_GENERATE_SWIFT_ASSET_SYMBOL_EXTENSIONS = YES;
				CLANG_ANALYZER_NONNULL = YES;
				CLANG_ANALYZER_NUMBER_OBJECT_CONVERSION = YES_AGGRESSIVE;
				CLANG_CXX_LANGUAGE_STANDARD = "gnu++20";
				CLANG_ENABLE_MODULES = YES;
				CLANG_ENABLE_OBJC_ARC = YES;
				CLANG_ENABLE_OBJC_WEAK = YES;
				CLANG_WARN_BLOCK_CAPTURE_AUTORELEASING = YES;
				CLANG_WARN_BOOL_CONVERSION = YES;
				CLANG_WARN_COMMA = YES;
				CLANG_WARN_CONSTANT_CONVERSION = YES;
				CLANG_WARN_DEPRECATED_OBJC_IMPLEMENTATIONS = YES;
				CLANG_WARN_DIRECT_OBJC_ISA_USAGE = YES_ERROR;
				CLANG_WARN_DOCUMENTATION_COMMENTS = YES;
				CLANG_WARN_EMPTY_BODY = YES;
				CLANG_WARN_ENUM_CONVERSION = YES;
				CLANG_WARN_INFINITE_RECURSION = YES;
				CLANG_WARN_INT_CONVERSION = YES;
				CLANG_WARN_NON_LITERAL_NULL_CONVERSION = YES;
				CLANG_WARN_OBJC_IMPLICIT_RETAIN_SELF = YES;
				CLANG_WARN_OBJC_LITERAL_CONVERSION = YES;
				CLANG_WARN_OBJC_ROOT_CLASS = YES_ERROR;
				CLANG_WARN_QUOTED_INCLUDE_IN_FRAMEWORK_HEADER = YES;
				CLANG_WARN_RANGE_LOOP_ANALYSIS = YES;
				CLANG_WARN_STRICT_PROTOTYPES = YES;
				CLANG_WARN_SUSPICIOUS_MOVE = YES;
				CLANG_WARN_UNGUARDED_AVAILABILITY = YES_AGGRESSIVE;
				CLANG_WARN_UNREACHABLE_CODE = YES;
				CLANG_WARN__DUPLICATE_METHOD_MATCH = YES;
				COPY_PHASE_STRIP = NO;
				DEBUG_INFORMATION_FORMAT = "dwarf-with-dsym";
				ENABLE_NS_ASSERTIONS = NO;
				ENABLE_STRICT_OBJC_MSGSEND = YES;
				ENABLE_USER_SCRIPT_SANDBOXING = YES;
				GCC_C_LANGUAGE_STANDARD = gnu17;
				GCC_NO_COMMON_BLOCKS = YES;
				GCC_WARN_64_TO_32_BIT_CONVERSION = YES;
				GCC_WARN_ABOUT_RETURN_TYPE = YES_ERROR;
				GCC_WARN_UNDECLARED_SELECTOR = YES;
				GCC_WARN_UNINITIALIZED_AUTOS = YES_AGGRESSIVE;
				GCC_WARN_UNUSED_FUNCTION = YES;
				GCC_WARN_UNUSED_VARIABLE = YES;
				IPHONEOS_DEPLOYMENT_TARGET = 17.2;
				LOCALIZATION_PREFERS_STRING_CATALOGS = YES;
				MTL_ENABLE_DEBUG_INFO = NO;
				MTL_FAST_MATH = YES;
				SDKROOT = iphoneos;
				SWIFT_COMPILATION_MODE = wholemodule;
				VALIDATE_PRODUCT = YES;
			};
			name = Release;
		};
		242F0E702B4D40A900BEA3E7 /* Debug */ = {
			isa = XCBuildConfiguration;
			buildSettings = {
				ASSETCATALOG_COMPILER_APPICON_NAME = AppIcon;
				ASSETCATALOG_COMPILER_GLOBAL_ACCENT_COLOR_NAME = AccentColor;
				CODE_SIGN_STYLE = Automatic;
				CURRENT_PROJECT_VERSION = 1;
				DEVELOPMENT_ASSET_PATHS = "\"BillyImgur/Preview Content\"";
				ENABLE_PREVIEWS = YES;
				GENERATE_INFOPLIST_FILE = YES;
				INFOPLIST_KEY_UIApplicationSceneManifest_Generation = YES;
				INFOPLIST_KEY_UIApplicationSupportsIndirectInputEvents = YES;
				INFOPLIST_KEY_UILaunchScreen_Generation = YES;
				INFOPLIST_KEY_UISupportedInterfaceOrientations = UIInterfaceOrientationPortrait;
				INFOPLIST_KEY_UISupportedInterfaceOrientations_iPad = "UIInterfaceOrientationLandscapeLeft UIInterfaceOrientationLandscapeRight UIInterfaceOrientationPortrait UIInterfaceOrientationPortraitUpsideDown";
				IPHONEOS_DEPLOYMENT_TARGET = 16.0;
				LD_RUNPATH_SEARCH_PATHS = (
					"$(inherited)",
					"@executable_path/Frameworks",
				);
				MARKETING_VERSION = 1.0;
				PRODUCT_BUNDLE_IDENTIFIER = com.kwon.BillyImgur;
				PRODUCT_NAME = "$(TARGET_NAME)";
				SUPPORTED_PLATFORMS = "iphoneos iphonesimulator";
				SUPPORTS_MACCATALYST = NO;
				SUPPORTS_MAC_DESIGNED_FOR_IPHONE_IPAD = NO;
				SWIFT_EMIT_LOC_STRINGS = YES;
				SWIFT_VERSION = 5.0;
				TARGETED_DEVICE_FAMILY = 1;
			};
			name = Debug;
		};
		242F0E712B4D40A900BEA3E7 /* Release */ = {
			isa = XCBuildConfiguration;
			buildSettings = {
				ASSETCATALOG_COMPILER_APPICON_NAME = AppIcon;
				ASSETCATALOG_COMPILER_GLOBAL_ACCENT_COLOR_NAME = AccentColor;
				CODE_SIGN_STYLE = Automatic;
				CURRENT_PROJECT_VERSION = 1;
				DEVELOPMENT_ASSET_PATHS = "\"BillyImgur/Preview Content\"";
				ENABLE_PREVIEWS = YES;
				GENERATE_INFOPLIST_FILE = YES;
				INFOPLIST_KEY_UIApplicationSceneManifest_Generation = YES;
				INFOPLIST_KEY_UIApplicationSupportsIndirectInputEvents = YES;
				INFOPLIST_KEY_UILaunchScreen_Generation = YES;
				INFOPLIST_KEY_UISupportedInterfaceOrientations = UIInterfaceOrientationPortrait;
				INFOPLIST_KEY_UISupportedInterfaceOrientations_iPad = "UIInterfaceOrientationLandscapeLeft UIInterfaceOrientationLandscapeRight UIInterfaceOrientationPortrait UIInterfaceOrientationPortraitUpsideDown";
				IPHONEOS_DEPLOYMENT_TARGET = 16.0;
				LD_RUNPATH_SEARCH_PATHS = (
					"$(inherited)",
					"@executable_path/Frameworks",
				);
				MARKETING_VERSION = 1.0;
				PRODUCT_BUNDLE_IDENTIFIER = com.kwon.BillyImgur;
				PRODUCT_NAME = "$(TARGET_NAME)";
				SUPPORTED_PLATFORMS = "iphoneos iphonesimulator";
				SUPPORTS_MACCATALYST = NO;
				SUPPORTS_MAC_DESIGNED_FOR_IPHONE_IPAD = NO;
				SWIFT_EMIT_LOC_STRINGS = YES;
				SWIFT_VERSION = 5.0;
				TARGETED_DEVICE_FAMILY = 1;
			};
			name = Release;
		};
/* End XCBuildConfiguration section */

/* Begin XCConfigurationList section */
		242F0E572B4D40A700BEA3E7 /* Build configuration list for PBXProject "BillyImgur" */ = {
			isa = XCConfigurationList;
			buildConfigurations = (
				242F0E6D2B4D40A900BEA3E7 /* Debug */,
				242F0E6E2B4D40A900BEA3E7 /* Release */,
			);
			defaultConfigurationIsVisible = 0;
			defaultConfigurationName = Release;
		};
		242F0E6F2B4D40A900BEA3E7 /* Build configuration list for PBXNativeTarget "BillyImgur" */ = {
			isa = XCConfigurationList;
			buildConfigurations = (
				242F0E702B4D40A900BEA3E7 /* Debug */,
				242F0E712B4D40A900BEA3E7 /* Release */,
			);
			defaultConfigurationIsVisible = 0;
			defaultConfigurationName = Release;
		};
/* End XCConfigurationList section */

/* Begin XCVersionGroup section */
		242F0E6A2B4D40A900BEA3E7 /* BillyImgur.xcdatamodeld */ = {
			isa = XCVersionGroup;
			children = (
				242F0E6B2B4D40A900BEA3E7 /* BillyImgur.xcdatamodel */,
			);
			currentVersion = 242F0E6B2B4D40A900BEA3E7 /* BillyImgur.xcdatamodel */;
			path = BillyImgur.xcdatamodeld;
			sourceTree = "<group>";
			versionGroupType = wrapper.xcdatamodel;
		};
/* End XCVersionGroup section */
	};
	rootObject = 242F0E542B4D40A700BEA3E7 /* Project object */;
}
